
Microsoft Visual Studio Solution File, Format Version 12.00
# Visual Studio 15
VisualStudioVersion = 15.0.28010.2046
MinimumVisualStudioVersion = 10.0.40219.1
Project("{FAE04EC0-301F-11D3-BF4B-00C04F79EFBC}") = "WordReplacer", "WordReplacer\WordReplacer.csproj", "{ACDFE2C0-D740-4C4A-81FD-BC2FC6F3E46B}"
EndProject
Global
	GlobalSection(SolutionConfigurationPlatforms) = preSolution
		Debug|Any CPU = Debug|Any CPU
		Release|Any CPU = Release|Any CPU
	EndGlobalSection
	GlobalSection(ProjectConfigurationPlatforms) = postSolution
		{ACDFE2C0-D740-4C4A-81FD-BC2FC6F3E46B}.Debug|Any CPU.ActiveCfg = Debug|Any CPU
		{ACDFE2C0-D740-4C4A-81FD-BC2FC6F3E46B}.Debug|Any CPU.Build.0 = Debug|Any CPU
		{ACDFE2C0-D740-4C4A-81FD-BC2FC6F3E46B}.Release|Any CPU.ActiveCfg = Release|Any CPU
		{ACDFE2C0-D740-4C4A-81FD-BC2FC6F3E46B}.Release|Any CPU.Build.0 = Release|Any CPU
	EndGlobalSection
	GlobalSection(SolutionProperties) = preSolution
		HideSolutionNode = FALSE
	EndGlobalSection
	GlobalSection(ExtensibilityGlobals) = postSolution
		SolutionGuid = {17FD15B9-0D16-4FC1-87F5-8591361266F1}
	EndGlobalSection
EndGlobal
